
Microsoft Visual Studio Solution File, Format Version 12.00
# Visual Studio Version 16
VisualStudioVersion = 16.0.30114.105
MinimumVisualStudioVersion = 10.0.40219.1
Project("{F184B08F-C81C-45F6-A57F-5ABD9991F28F}") = "BeerStore", "BeerStore\BeerStore.vbproj", "{BFB7277F-A50A-47FE-8F6A-F1334D455304}"
EndProject
Project("{F184B08F-C81C-45F6-A57F-5ABD9991F28F}") = "WelcomeToHTML", "WelcomeToHTML\WelcomeToHTML.vbproj", "{66AF64DD-1384-43C8-86AF-2F3A21286EC3}"
EndProject
Project("{F184B08F-C81C-45F6-A57F-5ABD9991F28F}") = "Headings", "Headings\Headings.vbproj", "{731BC7E0-21B5-4790-94FF-452D57A2CCC6}"
EndProject
Project("{F184B08F-C81C-45F6-A57F-5ABD9991F28F}") = "Paragraphs", "Paragraphs\Paragraphs.vbproj", "{81125B0A-C170-4901-880B-A1E8C560D5F4}"
EndProject
Project("{F184B08F-C81C-45F6-A57F-5ABD9991F28F}") = "MyTODOList", "MyTODOList\MyTODOList.vbproj", "{EBE23A9B-8F20-4B19-8818-71A0438F4D83}"
EndProject
Project("{F184B08F-C81C-45F6-A57F-5ABD9991F28F}") = "HelloHTML", "HelloHTML\HelloHTML.vbproj", "{06333CDD-13B3-44EC-92AD-C3085D403974}"
EndProject
Project("{F184B08F-C81C-45F6-A57F-5ABD9991F28F}") = "Website", "Website\Website.vbproj", "{DCB7E462-3735-4C7E-87B6-2D5A111A3B48}"
EndProject
Project("{F184B08F-C81C-45F6-A57F-5ABD9991F28F}") = "Fruits", "Fruits\Fruits.vbproj", "{224F9971-17C6-4B52-8BFD-7A38EDE76659}"
EndProject
Project("{F184B08F-C81C-45F6-A57F-5ABD9991F28F}") = "Receipt", "Receipt\Receipt.vbproj", "{ED72AAF9-3A9C-4B66-B79D-D821A988475E}"
EndProject
Project("{F184B08F-C81C-45F6-A57F-5ABD9991F28F}") = "Colors", "Colors\Colors.vbproj", "{B9EC3489-5902-453A-8F93-B65EF8100ABD}"
EndProject
Project("{F184B08F-C81C-45F6-A57F-5ABD9991F28F}") = "Borders", "Borders\Borders.vbproj", "{C6DBBB42-A713-460D-B66E-82353A8AA7FB}"
EndProject
Project("{F184B08F-C81C-45F6-A57F-5ABD9991F28F}") = "Rectangles", "Rectangles\Rectangles.vbproj", "{6CAA8FE9-0203-445D-A008-11D9242D3C21}"
EndProject
Project("{F184B08F-C81C-45F6-A57F-5ABD9991F28F}") = "Languages", "Languages\Languages.vbproj", "{80C2178F-5BFD-4B14-9F2C-998613485C8D}"
EndProject
Project("{F184B08F-C81C-45F6-A57F-5ABD9991F28F}") = "ContactUs", "ContactUs\ContactUs.vbproj", "{0BAF24A1-745B-4555-B119-B78032B3F649}"
EndProject
Project("{F184B08F-C81C-45F6-A57F-5ABD9991F28F}") = "ContactUsForm", "ContactUsForm\ContactUsForm.vbproj", "{900F9A21-5061-4111-8DF6-435C59B59DC7}"
EndProject
Project("{F184B08F-C81C-45F6-A57F-5ABD9991F28F}") = "NavigationBar", "NavigationBar\NavigationBar.vbproj", "{60BB320A-9445-4469-B765-365E6A6032E3}"
EndProject
Project("{F184B08F-C81C-45F6-A57F-5ABD9991F28F}") = "PageContent", "PageContent\PageContent.vbproj", "{4D1CE498-8912-4662-BE8D-F3A1681E46A7}"
EndProject
Global
	GlobalSection(SolutionConfigurationPlatforms) = preSolution
		Debug|Any CPU = Debug|Any CPU
		Release|Any CPU = Release|Any CPU
	EndGlobalSection
	GlobalSection(ProjectConfigurationPlatforms) = postSolution
		{BFB7277F-A50A-47FE-8F6A-F1334D455304}.Debug|Any CPU.ActiveCfg = Debug|Any CPU
		{BFB7277F-A50A-47FE-8F6A-F1334D455304}.Debug|Any CPU.Build.0 = Debug|Any CPU
		{BFB7277F-A50A-47FE-8F6A-F1334D455304}.Release|Any CPU.ActiveCfg = Release|Any CPU
		{BFB7277F-A50A-47FE-8F6A-F1334D455304}.Release|Any CPU.Build.0 = Release|Any CPU
		{66AF64DD-1384-43C8-86AF-2F3A21286EC3}.Debug|Any CPU.ActiveCfg = Debug|Any CPU
		{66AF64DD-1384-43C8-86AF-2F3A21286EC3}.Debug|Any CPU.Build.0 = Debug|Any CPU
		{66AF64DD-1384-43C8-86AF-2F3A21286EC3}.Release|Any CPU.ActiveCfg = Release|Any CPU
		{66AF64DD-1384-43C8-86AF-2F3A21286EC3}.Release|Any CPU.Build.0 = Release|Any CPU
		{731BC7E0-21B5-4790-94FF-452D57A2CCC6}.Debug|Any CPU.ActiveCfg = Debug|Any CPU
		{731BC7E0-21B5-4790-94FF-452D57A2CCC6}.Debug|Any CPU.Build.0 = Debug|Any CPU
		{731BC7E0-21B5-4790-94FF-452D57A2CCC6}.Release|Any CPU.ActiveCfg = Release|Any CPU
		{731BC7E0-21B5-4790-94FF-452D57A2CCC6}.Release|Any CPU.Build.0 = Release|Any CPU
		{81125B0A-C170-4901-880B-A1E8C560D5F4}.Debug|Any CPU.ActiveCfg = Debug|Any CPU
		{81125B0A-C170-4901-880B-A1E8C560D5F4}.Debug|Any CPU.Build.0 = Debug|Any CPU
		{81125B0A-C170-4901-880B-A1E8C560D5F4}.Release|Any CPU.ActiveCfg = Release|Any CPU
		{81125B0A-C170-4901-880B-A1E8C560D5F4}.Release|Any CPU.Build.0 = Release|Any CPU
		{EBE23A9B-8F20-4B19-8818-71A0438F4D83}.Debug|Any CPU.ActiveCfg = Debug|Any CPU
		{EBE23A9B-8F20-4B19-8818-71A0438F4D83}.Debug|Any CPU.Build.0 = Debug|Any CPU
		{EBE23A9B-8F20-4B19-8818-71A0438F4D83}.Release|Any CPU.ActiveCfg = Release|Any CPU
		{EBE23A9B-8F20-4B19-8818-71A0438F4D83}.Release|Any CPU.Build.0 = Release|Any CPU
		{06333CDD-13B3-44EC-92AD-C3085D403974}.Debug|Any CPU.ActiveCfg = Debug|Any CPU
		{06333CDD-13B3-44EC-92AD-C3085D403974}.Debug|Any CPU.Build.0 = Debug|Any CPU
		{06333CDD-13B3-44EC-92AD-C3085D403974}.Release|Any CPU.ActiveCfg = Release|Any CPU
		{06333CDD-13B3-44EC-92AD-C3085D403974}.Release|Any CPU.Build.0 = Release|Any CPU
		{DCB7E462-3735-4C7E-87B6-2D5A111A3B48}.Debug|Any CPU.ActiveCfg = Debug|Any CPU
		{DCB7E462-3735-4C7E-87B6-2D5A111A3B48}.Debug|Any CPU.Build.0 = Debug|Any CPU
		{DCB7E462-3735-4C7E-87B6-2D5A111A3B48}.Release|Any CPU.ActiveCfg = Release|Any CPU
		{DCB7E462-3735-4C7E-87B6-2D5A111A3B48}.Release|Any CPU.Build.0 = Release|Any CPU
		{224F9971-17C6-4B52-8BFD-7A38EDE76659}.Debug|Any CPU.ActiveCfg = Debug|Any CPU
		{224F9971-17C6-4B52-8BFD-7A38EDE76659}.Debug|Any CPU.Build.0 = Debug|Any CPU
		{224F9971-17C6-4B52-8BFD-7A38EDE76659}.Release|Any CPU.ActiveCfg = Release|Any CPU
		{224F9971-17C6-4B52-8BFD-7A38EDE76659}.Release|Any CPU.Build.0 = Release|Any CPU
		{ED72AAF9-3A9C-4B66-B79D-D821A988475E}.Debug|Any CPU.ActiveCfg = Debug|Any CPU
		{ED72AAF9-3A9C-4B66-B79D-D821A988475E}.Debug|Any CPU.Build.0 = Debug|Any CPU
		{ED72AAF9-3A9C-4B66-B79D-D821A988475E}.Release|Any CPU.ActiveCfg = Release|Any CPU
		{ED72AAF9-3A9C-4B66-B79D-D821A988475E}.Release|Any CPU.Build.0 = Release|Any CPU
		{B9EC3489-5902-453A-8F93-B65EF8100ABD}.Debug|Any CPU.ActiveCfg = Debug|Any CPU
		{B9EC3489-5902-453A-8F93-B65EF8100ABD}.Debug|Any CPU.Build.0 = Debug|Any CPU
		{B9EC3489-5902-453A-8F93-B65EF8100ABD}.Release|Any CPU.ActiveCfg = Release|Any CPU
		{B9EC3489-5902-453A-8F93-B65EF8100ABD}.Release|Any CPU.Build.0 = Release|Any CPU
		{C6DBBB42-A713-460D-B66E-82353A8AA7FB}.Debug|Any CPU.ActiveCfg = Debug|Any CPU
		{C6DBBB42-A713-460D-B66E-82353A8AA7FB}.Debug|Any CPU.Build.0 = Debug|Any CPU
		{C6DBBB42-A713-460D-B66E-82353A8AA7FB}.Release|Any CPU.ActiveCfg = Release|Any CPU
		{C6DBBB42-A713-460D-B66E-82353A8AA7FB}.Release|Any CPU.Build.0 = Release|Any CPU
		{6CAA8FE9-0203-445D-A008-11D9242D3C21}.Debug|Any CPU.ActiveCfg = Debug|Any CPU
		{6CAA8FE9-0203-445D-A008-11D9242D3C21}.Debug|Any CPU.Build.0 = Debug|Any CPU
		{6CAA8FE9-0203-445D-A008-11D9242D3C21}.Release|Any CPU.ActiveCfg = Release|Any CPU
		{6CAA8FE9-0203-445D-A008-11D9242D3C21}.Release|Any CPU.Build.0 = Release|Any CPU
		{80C2178F-5BFD-4B14-9F2C-998613485C8D}.Debug|Any CPU.ActiveCfg = Debug|Any CPU
		{80C2178F-5BFD-4B14-9F2C-998613485C8D}.Debug|Any CPU.Build.0 = Debug|Any CPU
		{80C2178F-5BFD-4B14-9F2C-998613485C8D}.Release|Any CPU.ActiveCfg = Release|Any CPU
		{80C2178F-5BFD-4B14-9F2C-998613485C8D}.Release|Any CPU.Build.0 = Release|Any CPU
		{0BAF24A1-745B-4555-B119-B78032B3F649}.Debug|Any CPU.ActiveCfg = Debug|Any CPU
		{0BAF24A1-745B-4555-B119-B78032B3F649}.Debug|Any CPU.Build.0 = Debug|Any CPU
		{0BAF24A1-745B-4555-B119-B78032B3F649}.Release|Any CPU.ActiveCfg = Release|Any CPU
		{0BAF24A1-745B-4555-B119-B78032B3F649}.Release|Any CPU.Build.0 = Release|Any CPU
		{900F9A21-5061-4111-8DF6-435C59B59DC7}.Debug|Any CPU.ActiveCfg = Debug|Any CPU
		{900F9A21-5061-4111-8DF6-435C59B59DC7}.Debug|Any CPU.Build.0 = Debug|Any CPU
		{900F9A21-5061-4111-8DF6-435C59B59DC7}.Release|Any CPU.ActiveCfg = Release|Any CPU
		{900F9A21-5061-4111-8DF6-435C59B59DC7}.Release|Any CPU.Build.0 = Release|Any CPU
		{60BB320A-9445-4469-B765-365E6A6032E3}.Debug|Any CPU.ActiveCfg = Debug|Any CPU
		{60BB320A-9445-4469-B765-365E6A6032E3}.Debug|Any CPU.Build.0 = Debug|Any CPU
		{60BB320A-9445-4469-B765-365E6A6032E3}.Release|Any CPU.ActiveCfg = Release|Any CPU
		{60BB320A-9445-4469-B765-365E6A6032E3}.Release|Any CPU.Build.0 = Release|Any CPU
		{4D1CE498-8912-4662-BE8D-F3A1681E46A7}.Debug|Any CPU.ActiveCfg = Debug|Any CPU
		{4D1CE498-8912-4662-BE8D-F3A1681E46A7}.Debug|Any CPU.Build.0 = Debug|Any CPU
		{4D1CE498-8912-4662-BE8D-F3A1681E46A7}.Release|Any CPU.ActiveCfg = Release|Any CPU
		{4D1CE498-8912-4662-BE8D-F3A1681E46A7}.Release|Any CPU.Build.0 = Release|Any CPU
	EndGlobalSection
	GlobalSection(SolutionProperties) = preSolution
		HideSolutionNode = FALSE
	EndGlobalSection
	GlobalSection(ExtensibilityGlobals) = postSolution
		SolutionGuid = {6B2C216A-5C0F-4A07-ADC8-21F1EDF82288}
	EndGlobalSection
EndGlobal
